<?xml version="1.0" encoding="utf-8"?>
<Project ToolsVersion="4.0" xmlns="http://schemas.microsoft.com/developer/msbuild/2003">
  <ItemGroup>
    <Filter Include="源文件">
      <UniqueIdentifier>{4FC737F1-C7A5-4376-A066-2A32D752A2FF}</UniqueIdentifier>
      <Extensions>cpp;c;cc;cxx;c++;cppm;ixx;def;odl;idl;hpj;bat;asm;asmx</Extensions>
    </Filter>
    <Filter Include="头文件">
      <UniqueIdentifier>{93995380-89BD-4b04-88EB-625FBE52EBFB}</UniqueIdentifier>
      <Extensions>h;hh;hpp;hxx;h++;hm;inl;inc;ipp;xsd</Extensions>
    </Filter>
    <Filter Include="资源文件">
      <UniqueIdentifier>{67DA6AB6-F800-4c08-8B7A-83BB121AAD01}</UniqueIdentifier>
      <Extensions>rc;ico;cur;bmp;dlg;rc2;rct;bin;rgs;gif;jpg;jpeg;jpe;resx;tiff;tif;png;wav;mfcribbon-ms</Extensions>
    </Filter>
    <Filter Include="Graphic">
      <UniqueIdentifier>{84e997ab-9507-455f-973d-a5c88fb4199b}</UniqueIdentifier>
    </Filter>
    <Filter Include="Graphic\Core">
      <UniqueIdentifier>{a9eb6e55-c792-4dd3-871e-51a22feb0b6e}</UniqueIdentifier>
    </Filter>
    <Filter Include="头文件\imgui">
      <UniqueIdentifier>{45de2d23-2114-4006-9dbe-1458d224173b}</UniqueIdentifier>
    </Filter>
    <Filter Include="Graphic\渲染器">
      <UniqueIdentifier>{e3d883fc-9c4d-418b-a9e7-4b585741e343}</UniqueIdentifier>
    </Filter>
    <Filter Include="Graphic\渲染器\OpenglAPI">
      <UniqueIdentifier>{573ad27f-18c5-4e48-b675-fb9db52067ec}</UniqueIdentifier>
    </Filter>
    <Filter Include="Graphic\渲染器\DataBuffer">
      <UniqueIdentifier>{d1619bee-90a6-43e1-a59e-3a969519efa2}</UniqueIdentifier>
    </Filter>
    <Filter Include="Graphic\Mesh">
      <UniqueIdentifier>{e8f6581c-ca21-4d82-8a08-d090b65bc0c4}</UniqueIdentifier>
    </Filter>
    <Filter Include="Graphic\场景管理">
      <UniqueIdentifier>{d00aab30-4b02-4d8d-910b-46c75a58ef1f}</UniqueIdentifier>
    </Filter>
    <Filter Include="Graphic\场景管理\组件">
      <UniqueIdentifier>{9c5790ec-d01f-4d3e-afb6-7f6202d841d9}</UniqueIdentifier>
    </Filter>
    <Filter Include="Graphic\场景管理\实体">
      <UniqueIdentifier>{87232e12-55b1-4bdf-bc64-3a7d62c88a3c}</UniqueIdentifier>
    </Filter>
    <Filter Include="Graphic\材质">
      <UniqueIdentifier>{1315c58e-a417-47e4-abbe-774a4847ef8b}</UniqueIdentifier>
    </Filter>
    <Filter Include="Graphic\材质\Shader">
      <UniqueIdentifier>{98d08b6e-749a-474b-9f62-fe600b83bead}</UniqueIdentifier>
    </Filter>
    <Filter Include="Graphic\渲染器\RenderState">
      <UniqueIdentifier>{8dc7815c-334a-48cb-afb1-7edf4a03032f}</UniqueIdentifier>
    </Filter>
    <Filter Include="Graphic\渲染器\Pass">
      <UniqueIdentifier>{74a2a3a2-4aa4-4537-ad7c-07000c618326}</UniqueIdentifier>
    </Filter>
  </ItemGroup>
  <ItemGroup>
    <ClCompile Include="main.cpp">
      <Filter>源文件</Filter>
    </ClCompile>
    <ClCompile Include="Graphic\Core\MWDGraphic.cpp">
      <Filter>Graphic\Core</Filter>
    </ClCompile>
    <ClCompile Include="Graphic\Core\MWDName.cpp">
      <Filter>Graphic\Core</Filter>
    </ClCompile>
    <ClCompile Include="Graphic\Core\MWDPriority.cpp">
      <Filter>Graphic\Core</Filter>
    </ClCompile>
    <ClCompile Include="Graphic\Core\MWDProperty.cpp">
      <Filter>Graphic\Core</Filter>
    </ClCompile>
    <ClCompile Include="Graphic\Core\MWDRtti.cpp">
      <Filter>Graphic\Core</Filter>
    </ClCompile>
    <ClCompile Include="Graphic\Core\MWDMain.cpp">
      <Filter>Graphic\Core</Filter>
    </ClCompile>
    <ClCompile Include="Graphic\Core\MWDObject.cpp">
      <Filter>Graphic\Core</Filter>
    </ClCompile>
    <ClCompile Include="..\depend\glad\src\glad.c">
      <Filter>源文件</Filter>
    </ClCompile>
    <ClCompile Include="..\depend\imgui\imgui.cpp">
      <Filter>头文件\imgui</Filter>
    </ClCompile>
    <ClCompile Include="..\depend\imgui\imgui_demo.cpp">
      <Filter>头文件\imgui</Filter>
    </ClCompile>
    <ClCompile Include="..\depend\imgui\imgui_draw.cpp">
      <Filter>头文件\imgui</Filter>
    </ClCompile>
    <ClCompile Include="..\depend\imgui\imgui_impl_glfw.cpp">
      <Filter>头文件\imgui</Filter>
    </ClCompile>
    <ClCompile Include="..\depend\imgui\imgui_impl_opengl3.cpp">
      <Filter>头文件\imgui</Filter>
    </ClCompile>
    <ClCompile Include="..\depend\imgui\imgui_tables.cpp">
      <Filter>头文件\imgui</Filter>
    </ClCompile>
    <ClCompile Include="..\depend\imgui\imgui_widgets.cpp">
      <Filter>头文件\imgui</Filter>
    </ClCompile>
    <ClCompile Include="MWDVAO.cpp">
      <Filter>Graphic\渲染器\OpenglAPI</Filter>
    </ClCompile>
    <ClCompile Include="MWDVBO.cpp">
      <Filter>Graphic\渲染器\OpenglAPI</Filter>
    </ClCompile>
    <ClCompile Include="MWDIBO.cpp">
      <Filter>Graphic\渲染器\OpenglAPI</Filter>
    </ClCompile>
    <ClCompile Include="MWDRBO.cpp">
      <Filter>Graphic\渲染器\OpenglAPI</Filter>
    </ClCompile>
    <ClCompile Include="MWDFBO.cpp">
      <Filter>Graphic\渲染器\OpenglAPI</Filter>
    </ClCompile>
    <ClCompile Include="MWDGLTexture.cpp">
      <Filter>Graphic\渲染器\OpenglAPI</Filter>
    </ClCompile>
    <ClCompile Include="MWDGLShader.cpp">
      <Filter>Graphic\渲染器\OpenglAPI</Filter>
    </ClCompile>
    <ClCompile Include="MWDBind.cpp">
      <Filter>Graphic\渲染器</Filter>
    </ClCompile>
    <ClCompile Include="MWDDataBuffer.cpp">
      <Filter>Graphic\渲染器\DataBuffer</Filter>
    </ClCompile>
    <ClCompile Include="MWDIndexBuffer.cpp">
      <Filter>Graphic\渲染器\DataBuffer</Filter>
    </ClCompile>
    <ClCompile Include="MWDGLShaderProgram.cpp">
      <Filter>Graphic\渲染器\OpenglAPI</Filter>
    </ClCompile>
    <ClCompile Include="MWDVertexFormat.cpp">
      <Filter>Graphic\渲染器\DataBuffer</Filter>
    </ClCompile>
    <ClCompile Include="MWDVertexBuffer.cpp">
      <Filter>Graphic\渲染器\DataBuffer</Filter>
    </ClCompile>
    <ClCompile Include="MWDMeshData.cpp">
      <Filter>Graphic\Mesh</Filter>
    </ClCompile>
    <ClCompile Include="MWDTriangleMeshData.cpp">
      <Filter>Graphic\Mesh</Filter>
    </ClCompile>
    <ClCompile Include="MWDPointMeshData.cpp">
      <Filter>Graphic\Mesh</Filter>
    </ClCompile>
    <ClCompile Include="MWDLineMeshData.cpp">
      <Filter>Graphic\Mesh</Filter>
    </ClCompile>
    <ClCompile Include="MWDBasicGeometryTriangleMeshData.cpp">
      <Filter>Graphic\Mesh</Filter>
    </ClCompile>
    <ClCompile Include="MWDComponent.cpp">
      <Filter>Graphic\场景管理\组件</Filter>
    </ClCompile>
    <ClCompile Include="MWDLight.cpp">
      <Filter>Graphic\场景管理\组件</Filter>
    </ClCompile>
    <ClCompile Include="MWDEntity.cpp">
      <Filter>Graphic\场景管理\实体</Filter>
    </ClCompile>
    <ClCompile Include="MWDLightEntity.cpp">
      <Filter>Graphic\场景管理\实体</Filter>
    </ClCompile>
    <ClCompile Include="MWDTransform.cpp">
      <Filter>Graphic\场景管理\组件</Filter>
    </ClCompile>
    <ClCompile Include="MWDCamera.cpp">
      <Filter>Graphic\场景管理\实体</Filter>
    </ClCompile>
    <ClCompile Include="MWDScene.cpp">
      <Filter>Graphic\场景管理</Filter>
    </ClCompile>
    <ClCompile Include="MWDWorld.cpp">
      <Filter>Graphic\场景管理</Filter>
    </ClCompile>
    <ClCompile Include="MWDMeshComponent.cpp">
      <Filter>Graphic\场景管理\组件</Filter>
    </ClCompile>
    <ClCompile Include="MWDBlendState.cpp">
      <Filter>Graphic\渲染器\RenderState</Filter>
    </ClCompile>
    <ClCompile Include="MWDDepthStencilState.cpp">
      <Filter>Graphic\渲染器\RenderState</Filter>
    </ClCompile>
    <ClCompile Include="MWDRasterizerState.cpp">
      <Filter>Graphic\渲染器\RenderState</Filter>
    </ClCompile>
    <ClCompile Include="MWDRenderState.cpp">
      <Filter>Graphic\渲染器\RenderState</Filter>
    </ClCompile>
    <ClCompile Include="MWDTexture.cpp">
      <Filter>Graphic\材质</Filter>
    </ClCompile>
    <ClCompile Include="MWDShaderConstant.cpp">
      <Filter>Graphic\材质\Shader</Filter>
    </ClCompile>
    <ClCompile Include="MWDShaderSampler.cpp">
      <Filter>Graphic\材质\Shader</Filter>
    </ClCompile>
    <ClCompile Include="MWDShader.cpp">
      <Filter>Graphic\材质\Shader</Filter>
    </ClCompile>
    <ClCompile Include="MWDPass.cpp">
      <Filter>Graphic\渲染器\Pass</Filter>
    </ClCompile>
    <ClCompile Include="MWDMaterial.cpp">
      <Filter>Graphic\材质</Filter>
    </ClCompile>
    <ClCompile Include="MWDMeshRenderer.cpp">
      <Filter>Graphic\场景管理\组件</Filter>
    </ClCompile>
    <ClCompile Include="MWDRenderer.cpp">
      <Filter>Graphic\渲染器</Filter>
    </ClCompile>
  </ItemGroup>
  <ItemGroup>
    <ClInclude Include="Graphic\Core\MWDGraphic.h">
      <Filter>Graphic\Core</Filter>
    </ClInclude>
    <ClInclude Include="Graphic\Core\MWDName.h">
      <Filter>Graphic\Core</Filter>
    </ClInclude>
    <ClInclude Include="Graphic\Core\MWDPointer.h">
      <Filter>Graphic\Core</Filter>
    </ClInclude>
    <ClInclude Include="Graphic\Core\MWDPriority.h">
      <Filter>Graphic\Core</Filter>
    </ClInclude>
    <ClInclude Include="Graphic\Core\MWDReference.h">
      <Filter>Graphic\Core</Filter>
    </ClInclude>
    <ClInclude Include="Graphic\Core\MWDType.h">
      <Filter>Graphic\Core</Filter>
    </ClInclude>
    <ClInclude Include="Graphic\Core\MWDProperty.h">
      <Filter>Graphic\Core</Filter>
    </ClInclude>
    <ClInclude Include="Graphic\Core\MWDRtti.h">
      <Filter>Graphic\Core</Filter>
    </ClInclude>
    <ClInclude Include="Graphic\Core\MWDMain.h">
      <Filter>Graphic\Core</Filter>
    </ClInclude>
    <ClInclude Include="Graphic\Core\MWDObject.h">
      <Filter>Graphic\Core</Filter>
    </ClInclude>
    <ClInclude Include="..\depend\imgui\imconfig.h">
      <Filter>头文件\imgui</Filter>
    </ClInclude>
    <ClInclude Include="..\depend\imgui\imgui.h">
      <Filter>头文件\imgui</Filter>
    </ClInclude>
    <ClInclude Include="..\depend\imgui\imgui_impl_glfw.h">
      <Filter>头文件\imgui</Filter>
    </ClInclude>
    <ClInclude Include="..\depend\imgui\imgui_impl_opengl3.h">
      <Filter>头文件\imgui</Filter>
    </ClInclude>
    <ClInclude Include="..\depend\imgui\imgui_impl_opengl3_loader.h">
      <Filter>头文件\imgui</Filter>
    </ClInclude>
    <ClInclude Include="..\depend\imgui\imgui_internal.h">
      <Filter>头文件\imgui</Filter>
    </ClInclude>
    <ClInclude Include="..\depend\imgui\imstb_rectpack.h">
      <Filter>头文件\imgui</Filter>
    </ClInclude>
    <ClInclude Include="..\depend\imgui\imstb_textedit.h">
      <Filter>头文件\imgui</Filter>
    </ClInclude>
    <ClInclude Include="..\depend\imgui\imstb_truetype.h">
      <Filter>头文件\imgui</Filter>
    </ClInclude>
    <ClInclude Include="MWDApplication.h">
      <Filter>头文件</Filter>
    </ClInclude>
    <ClInclude Include="MWDCommand.h">
      <Filter>头文件</Filter>
    </ClInclude>
    <ClInclude Include="MWDVAO.h">
      <Filter>Graphic\渲染器\OpenglAPI</Filter>
    </ClInclude>
    <ClInclude Include="MWDVBO.h">
      <Filter>Graphic\渲染器\OpenglAPI</Filter>
    </ClInclude>
    <ClInclude Include="MWDIBO.h">
      <Filter>Graphic\渲染器\OpenglAPI</Filter>
    </ClInclude>
    <ClInclude Include="MWDRBO.h">
      <Filter>Graphic\渲染器\OpenglAPI</Filter>
    </ClInclude>
    <ClInclude Include="MWDFBO.h">
      <Filter>Graphic\渲染器\OpenglAPI</Filter>
    </ClInclude>
    <ClInclude Include="MWDGLTexture.h">
      <Filter>Graphic\渲染器\OpenglAPI</Filter>
    </ClInclude>
    <ClInclude Include="MWDGLShader.h">
      <Filter>Graphic\渲染器\OpenglAPI</Filter>
    </ClInclude>
    <ClInclude Include="MWDBind.h">
      <Filter>Graphic\渲染器</Filter>
    </ClInclude>
    <ClInclude Include="MWDDataBuffer.h">
      <Filter>Graphic\渲染器\DataBuffer</Filter>
    </ClInclude>
    <ClInclude Include="MWDIndexBuffer.h">
      <Filter>Graphic\渲染器\DataBuffer</Filter>
    </ClInclude>
    <ClInclude Include="MWDGLShaderProgram.h">
      <Filter>Graphic\渲染器\OpenglAPI</Filter>
    </ClInclude>
    <ClInclude Include="MWDVertexFormat.h">
      <Filter>Graphic\渲染器\DataBuffer</Filter>
    </ClInclude>
    <ClInclude Include="MWDVertexBuffer.h">
      <Filter>Graphic\渲染器\DataBuffer</Filter>
    </ClInclude>
    <ClInclude Include="MWDMeshData.h">
      <Filter>Graphic\Mesh</Filter>
    </ClInclude>
    <ClInclude Include="MWDTriangleMeshData.h">
      <Filter>Graphic\Mesh</Filter>
    </ClInclude>
    <ClInclude Include="MWDPointMeshData.h">
      <Filter>Graphic\Mesh</Filter>
    </ClInclude>
    <ClInclude Include="MWDLineMeshData.h">
      <Filter>Graphic\Mesh</Filter>
    </ClInclude>
    <ClInclude Include="MWDBasicGeometryTriangleMeshData.h">
      <Filter>Graphic\Mesh</Filter>
    </ClInclude>
    <ClInclude Include="MWDComponent.h">
      <Filter>Graphic\场景管理\组件</Filter>
    </ClInclude>
    <ClInclude Include="MWDLight.h">
      <Filter>Graphic\场景管理\组件</Filter>
    </ClInclude>
    <ClInclude Include="MWDEntity.h">
      <Filter>Graphic\场景管理\实体</Filter>
    </ClInclude>
    <ClInclude Include="MWDLightEntity.h">
      <Filter>Graphic\场景管理\实体</Filter>
    </ClInclude>
    <ClInclude Include="MWDTransform.h">
      <Filter>Graphic\场景管理\组件</Filter>
    </ClInclude>
    <ClInclude Include="MWDCamera.h">
      <Filter>Graphic\场景管理\实体</Filter>
    </ClInclude>
    <ClInclude Include="MWDScene.h">
      <Filter>Graphic\场景管理</Filter>
    </ClInclude>
    <ClInclude Include="MWDWorld.h">
      <Filter>Graphic\场景管理</Filter>
    </ClInclude>
    <ClInclude Include="MWDMeshComponent.h">
      <Filter>Graphic\场景管理\组件</Filter>
    </ClInclude>
    <ClInclude Include="MWDBlendState.h">
      <Filter>Graphic\渲染器\RenderState</Filter>
    </ClInclude>
    <ClInclude Include="MWDDepthStencilState.h">
      <Filter>Graphic\渲染器\RenderState</Filter>
    </ClInclude>
    <ClInclude Include="MWDRasterizerState.h">
      <Filter>Graphic\渲染器\RenderState</Filter>
    </ClInclude>
    <ClInclude Include="MWDRenderState.h">
      <Filter>Graphic\渲染器\RenderState</Filter>
    </ClInclude>
    <ClInclude Include="MWDTexture.h">
      <Filter>Graphic\材质</Filter>
    </ClInclude>
    <ClInclude Include="MWDShaderConstant.h">
      <Filter>Graphic\材质\Shader</Filter>
    </ClInclude>
    <ClInclude Include="MWDShaderSampler.h">
      <Filter>Graphic\材质\Shader</Filter>
    </ClInclude>
    <ClInclude Include="MWDShader.h">
      <Filter>Graphic\材质\Shader</Filter>
    </ClInclude>
    <ClInclude Include="MWDPass.h">
      <Filter>Graphic\渲染器\Pass</Filter>
    </ClInclude>
    <ClInclude Include="MWDMaterial.h">
      <Filter>Graphic\材质</Filter>
    </ClInclude>
    <ClInclude Include="MWDMeshRenderer.h">
      <Filter>Graphic\场景管理\组件</Filter>
    </ClInclude>
    <ClInclude Include="MWDRenderer.h">
      <Filter>Graphic\渲染器</Filter>
    </ClInclude>
  </ItemGroup>
  <ItemGroup>
    <None Include="..\depend\imgui\imgui.ini">
      <Filter>头文件\imgui</Filter>
    </None>
  </ItemGroup>
</Project>